
Microsoft Visual Studio Solution File, Format Version 12.00
# Visual Studio Version 16
VisualStudioVersion = 16.0.29102.190
MinimumVisualStudioVersion = 10.0.40219.1
Project("{FAE04EC0-301F-11D3-BF4B-00C04F79EFBC}") = "Plugin.AppLifeCycle", "Plugin.AppLifeCycle\Plugin.AppLifeCycle.csproj", "{2F7BC3CC-61B9-4B5C-A1F8-1D2C0541A497}"
EndProject
Project("{2150E333-8FDC-42A3-9474-1A3956D46DE8}") = "TestApps", "TestApps", "{F6866A95-3B98-4262-BA0A-44B7947060DA}"
EndProject
Project("{FAE04EC0-301F-11D3-BF4B-00C04F79EFBC}") = "TestApp.UWP", "TestApps\TestApp.UWP\TestApp.UWP.csproj", "{0A39C162-6B7B-4A26-A182-5E29368D5ABB}"
EndProject
Project("{9A19103F-16F7-4668-BE54-9A1E7A4F7556}") = "TestApp.NetCore", "TestApps\TestApp.NetCore\TestApp.NetCore.csproj", "{72CED83C-8780-4002-BB57-B683B72A999C}"
EndProject
Project("{FAE04EC0-301F-11D3-BF4B-00C04F79EFBC}") = "TestApp.Android", "TestApps\TestApp.Android\TestApp.Android.csproj", "{2491EF00-7AF8-4B2D-8E21-E769C1BC6CC1}"
EndProject
Project("{FAE04EC0-301F-11D3-BF4B-00C04F79EFBC}") = "TestApp.Shared", "TestApps\TestApp.Shared\TestApp.Shared.csproj", "{AE7BAF7E-A08D-4815-BDE5-92797A394752}"
EndProject
Project("{FAE04EC0-301F-11D3-BF4B-00C04F79EFBC}") = "TestApp.WPF", "TestApps\TestApp.WPF\TestApp.WPF.csproj", "{FE7DD894-5533-4237-90EF-E636894096DB}"
EndProject
Project("{FAE04EC0-301F-11D3-BF4B-00C04F79EFBC}") = "TestApp.iOS", "TestApps\TestApp.iOS\TestApp.iOS.csproj", "{0E5069E3-E535-499F-BC77-1B27CCFF788C}"
EndProject
Project("{FAE04EC0-301F-11D3-BF4B-00C04F79EFBC}") = "TestApp.macOS", "TestApps\TestApp.macOS\TestApp.macOS.csproj", "{2475C6E5-B634-4B87-B9BA-FDDE1A574181}"
EndProject
Global
	GlobalSection(SolutionConfigurationPlatforms) = preSolution
		Debug|Any CPU = Debug|Any CPU
		Debug|ARM = Debug|ARM
		Debug|ARM64 = Debug|ARM64
		Debug|x64 = Debug|x64
		Debug|x86 = Debug|x86
		Release|Any CPU = Release|Any CPU
		Release|ARM = Release|ARM
		Release|ARM64 = Release|ARM64
		Release|x64 = Release|x64
		Release|x86 = Release|x86
		Debug|iPhoneSimulator = Debug|iPhoneSimulator
		Release|iPhoneSimulator = Release|iPhoneSimulator
		Debug|iPhone = Debug|iPhone
		Release|iPhone = Release|iPhone
	EndGlobalSection
	GlobalSection(ProjectConfigurationPlatforms) = postSolution
		{2F7BC3CC-61B9-4B5C-A1F8-1D2C0541A497}.Debug|Any CPU.ActiveCfg = Debug|Any CPU
		{2F7BC3CC-61B9-4B5C-A1F8-1D2C0541A497}.Debug|Any CPU.Build.0 = Debug|Any CPU
		{2F7BC3CC-61B9-4B5C-A1F8-1D2C0541A497}.Debug|ARM.ActiveCfg = Debug|Any CPU
		{2F7BC3CC-61B9-4B5C-A1F8-1D2C0541A497}.Debug|ARM.Build.0 = Debug|Any CPU
		{2F7BC3CC-61B9-4B5C-A1F8-1D2C0541A497}.Debug|ARM64.ActiveCfg = Debug|Any CPU
		{2F7BC3CC-61B9-4B5C-A1F8-1D2C0541A497}.Debug|ARM64.Build.0 = Debug|Any CPU
		{2F7BC3CC-61B9-4B5C-A1F8-1D2C0541A497}.Debug|x64.ActiveCfg = Debug|Any CPU
		{2F7BC3CC-61B9-4B5C-A1F8-1D2C0541A497}.Debug|x64.Build.0 = Debug|Any CPU
		{2F7BC3CC-61B9-4B5C-A1F8-1D2C0541A497}.Debug|x86.ActiveCfg = Debug|Any CPU
		{2F7BC3CC-61B9-4B5C-A1F8-1D2C0541A497}.Debug|x86.Build.0 = Debug|Any CPU
		{2F7BC3CC-61B9-4B5C-A1F8-1D2C0541A497}.Release|Any CPU.ActiveCfg = Release|Any CPU
		{2F7BC3CC-61B9-4B5C-A1F8-1D2C0541A497}.Release|Any CPU.Build.0 = Release|Any CPU
		{2F7BC3CC-61B9-4B5C-A1F8-1D2C0541A497}.Release|ARM.ActiveCfg = Release|Any CPU
		{2F7BC3CC-61B9-4B5C-A1F8-1D2C0541A497}.Release|ARM.Build.0 = Release|Any CPU
		{2F7BC3CC-61B9-4B5C-A1F8-1D2C0541A497}.Release|ARM64.ActiveCfg = Release|Any CPU
		{2F7BC3CC-61B9-4B5C-A1F8-1D2C0541A497}.Release|ARM64.Build.0 = Release|Any CPU
		{2F7BC3CC-61B9-4B5C-A1F8-1D2C0541A497}.Release|x64.ActiveCfg = Release|Any CPU
		{2F7BC3CC-61B9-4B5C-A1F8-1D2C0541A497}.Release|x64.Build.0 = Release|Any CPU
		{2F7BC3CC-61B9-4B5C-A1F8-1D2C0541A497}.Release|x86.ActiveCfg = Release|Any CPU
		{2F7BC3CC-61B9-4B5C-A1F8-1D2C0541A497}.Release|x86.Build.0 = Release|Any CPU
		{2F7BC3CC-61B9-4B5C-A1F8-1D2C0541A497}.Debug|iPhoneSimulator.ActiveCfg = Debug|Any CPU
		{2F7BC3CC-61B9-4B5C-A1F8-1D2C0541A497}.Debug|iPhoneSimulator.Build.0 = Debug|Any CPU
		{2F7BC3CC-61B9-4B5C-A1F8-1D2C0541A497}.Release|iPhoneSimulator.ActiveCfg = Release|Any CPU
		{2F7BC3CC-61B9-4B5C-A1F8-1D2C0541A497}.Release|iPhoneSimulator.Build.0 = Release|Any CPU
		{2F7BC3CC-61B9-4B5C-A1F8-1D2C0541A497}.Debug|iPhone.ActiveCfg = Debug|Any CPU
		{2F7BC3CC-61B9-4B5C-A1F8-1D2C0541A497}.Debug|iPhone.Build.0 = Debug|Any CPU
		{2F7BC3CC-61B9-4B5C-A1F8-1D2C0541A497}.Release|iPhone.ActiveCfg = Release|Any CPU
		{2F7BC3CC-61B9-4B5C-A1F8-1D2C0541A497}.Release|iPhone.Build.0 = Release|Any CPU
		{0A39C162-6B7B-4A26-A182-5E29368D5ABB}.Debug|Any CPU.ActiveCfg = Debug|x86
		{0A39C162-6B7B-4A26-A182-5E29368D5ABB}.Debug|ARM.ActiveCfg = Debug|ARM
		{0A39C162-6B7B-4A26-A182-5E29368D5ABB}.Debug|ARM.Build.0 = Debug|ARM
		{0A39C162-6B7B-4A26-A182-5E29368D5ABB}.Debug|ARM.Deploy.0 = Debug|ARM
		{0A39C162-6B7B-4A26-A182-5E29368D5ABB}.Debug|ARM64.ActiveCfg = Debug|ARM64
		{0A39C162-6B7B-4A26-A182-5E29368D5ABB}.Debug|ARM64.Build.0 = Debug|ARM64
		{0A39C162-6B7B-4A26-A182-5E29368D5ABB}.Debug|ARM64.Deploy.0 = Debug|ARM64
		{0A39C162-6B7B-4A26-A182-5E29368D5ABB}.Debug|x64.ActiveCfg = Debug|x64
		{0A39C162-6B7B-4A26-A182-5E29368D5ABB}.Debug|x64.Build.0 = Debug|x64
		{0A39C162-6B7B-4A26-A182-5E29368D5ABB}.Debug|x64.Deploy.0 = Debug|x64
		{0A39C162-6B7B-4A26-A182-5E29368D5ABB}.Debug|x86.ActiveCfg = Debug|x86
		{0A39C162-6B7B-4A26-A182-5E29368D5ABB}.Debug|x86.Build.0 = Debug|x86
		{0A39C162-6B7B-4A26-A182-5E29368D5ABB}.Debug|x86.Deploy.0 = Debug|x86
		{0A39C162-6B7B-4A26-A182-5E29368D5ABB}.Release|Any CPU.ActiveCfg = Release|x86
		{0A39C162-6B7B-4A26-A182-5E29368D5ABB}.Release|ARM.ActiveCfg = Release|ARM
		{0A39C162-6B7B-4A26-A182-5E29368D5ABB}.Release|ARM.Build.0 = Release|ARM
		{0A39C162-6B7B-4A26-A182-5E29368D5ABB}.Release|ARM.Deploy.0 = Release|ARM
		{0A39C162-6B7B-4A26-A182-5E29368D5ABB}.Release|ARM64.ActiveCfg = Release|ARM64
		{0A39C162-6B7B-4A26-A182-5E29368D5ABB}.Release|ARM64.Build.0 = Release|ARM64
		{0A39C162-6B7B-4A26-A182-5E29368D5ABB}.Release|ARM64.Deploy.0 = Release|ARM64
		{0A39C162-6B7B-4A26-A182-5E29368D5ABB}.Release|x64.ActiveCfg = Release|x64
		{0A39C162-6B7B-4A26-A182-5E29368D5ABB}.Release|x64.Build.0 = Release|x64
		{0A39C162-6B7B-4A26-A182-5E29368D5ABB}.Release|x64.Deploy.0 = Release|x64
		{0A39C162-6B7B-4A26-A182-5E29368D5ABB}.Release|x86.ActiveCfg = Release|x86
		{0A39C162-6B7B-4A26-A182-5E29368D5ABB}.Release|x86.Build.0 = Release|x86
		{0A39C162-6B7B-4A26-A182-5E29368D5ABB}.Release|x86.Deploy.0 = Release|x86
		{0A39C162-6B7B-4A26-A182-5E29368D5ABB}.Debug|iPhoneSimulator.ActiveCfg = Debug|x86
		{0A39C162-6B7B-4A26-A182-5E29368D5ABB}.Debug|iPhoneSimulator.Build.0 = Debug|x86
		{0A39C162-6B7B-4A26-A182-5E29368D5ABB}.Release|iPhoneSimulator.ActiveCfg = Release|x86
		{0A39C162-6B7B-4A26-A182-5E29368D5ABB}.Release|iPhoneSimulator.Build.0 = Release|x86
		{0A39C162-6B7B-4A26-A182-5E29368D5ABB}.Debug|iPhone.ActiveCfg = Debug|x86
		{0A39C162-6B7B-4A26-A182-5E29368D5ABB}.Debug|iPhone.Build.0 = Debug|x86
		{0A39C162-6B7B-4A26-A182-5E29368D5ABB}.Release|iPhone.ActiveCfg = Release|x86
		{0A39C162-6B7B-4A26-A182-5E29368D5ABB}.Release|iPhone.Build.0 = Release|x86
		{72CED83C-8780-4002-BB57-B683B72A999C}.Debug|Any CPU.ActiveCfg = Debug|Any CPU
		{72CED83C-8780-4002-BB57-B683B72A999C}.Debug|Any CPU.Build.0 = Debug|Any CPU
		{72CED83C-8780-4002-BB57-B683B72A999C}.Debug|ARM.ActiveCfg = Debug|Any CPU
		{72CED83C-8780-4002-BB57-B683B72A999C}.Debug|ARM.Build.0 = Debug|Any CPU
		{72CED83C-8780-4002-BB57-B683B72A999C}.Debug|ARM64.ActiveCfg = Debug|Any CPU
		{72CED83C-8780-4002-BB57-B683B72A999C}.Debug|ARM64.Build.0 = Debug|Any CPU
		{72CED83C-8780-4002-BB57-B683B72A999C}.Debug|x64.ActiveCfg = Debug|Any CPU
		{72CED83C-8780-4002-BB57-B683B72A999C}.Debug|x64.Build.0 = Debug|Any CPU
		{72CED83C-8780-4002-BB57-B683B72A999C}.Debug|x86.ActiveCfg = Debug|Any CPU
		{72CED83C-8780-4002-BB57-B683B72A999C}.Debug|x86.Build.0 = Debug|Any CPU
		{72CED83C-8780-4002-BB57-B683B72A999C}.Release|Any CPU.ActiveCfg = Release|Any CPU
		{72CED83C-8780-4002-BB57-B683B72A999C}.Release|Any CPU.Build.0 = Release|Any CPU
		{72CED83C-8780-4002-BB57-B683B72A999C}.Release|ARM.ActiveCfg = Release|Any CPU
		{72CED83C-8780-4002-BB57-B683B72A999C}.Release|ARM.Build.0 = Release|Any CPU
		{72CED83C-8780-4002-BB57-B683B72A999C}.Release|ARM64.ActiveCfg = Release|Any CPU
		{72CED83C-8780-4002-BB57-B683B72A999C}.Release|ARM64.Build.0 = Release|Any CPU
		{72CED83C-8780-4002-BB57-B683B72A999C}.Release|x64.ActiveCfg = Release|Any CPU
		{72CED83C-8780-4002-BB57-B683B72A999C}.Release|x64.Build.0 = Release|Any CPU
		{72CED83C-8780-4002-BB57-B683B72A999C}.Release|x86.ActiveCfg = Release|Any CPU
		{72CED83C-8780-4002-BB57-B683B72A999C}.Release|x86.Build.0 = Release|Any CPU
		{72CED83C-8780-4002-BB57-B683B72A999C}.Debug|iPhoneSimulator.ActiveCfg = Debug|Any CPU
		{72CED83C-8780-4002-BB57-B683B72A999C}.Debug|iPhoneSimulator.Build.0 = Debug|Any CPU
		{72CED83C-8780-4002-BB57-B683B72A999C}.Release|iPhoneSimulator.ActiveCfg = Release|Any CPU
		{72CED83C-8780-4002-BB57-B683B72A999C}.Release|iPhoneSimulator.Build.0 = Release|Any CPU
		{72CED83C-8780-4002-BB57-B683B72A999C}.Debug|iPhone.ActiveCfg = Debug|Any CPU
		{72CED83C-8780-4002-BB57-B683B72A999C}.Debug|iPhone.Build.0 = Debug|Any CPU
		{72CED83C-8780-4002-BB57-B683B72A999C}.Release|iPhone.ActiveCfg = Release|Any CPU
		{72CED83C-8780-4002-BB57-B683B72A999C}.Release|iPhone.Build.0 = Release|Any CPU
		{2491EF00-7AF8-4B2D-8E21-E769C1BC6CC1}.Debug|Any CPU.ActiveCfg = Debug|Any CPU
		{2491EF00-7AF8-4B2D-8E21-E769C1BC6CC1}.Debug|Any CPU.Build.0 = Debug|Any CPU
		{2491EF00-7AF8-4B2D-8E21-E769C1BC6CC1}.Debug|Any CPU.Deploy.0 = Debug|Any CPU
		{2491EF00-7AF8-4B2D-8E21-E769C1BC6CC1}.Debug|ARM.ActiveCfg = Debug|Any CPU
		{2491EF00-7AF8-4B2D-8E21-E769C1BC6CC1}.Debug|ARM.Build.0 = Debug|Any CPU
		{2491EF00-7AF8-4B2D-8E21-E769C1BC6CC1}.Debug|ARM.Deploy.0 = Debug|Any CPU
		{2491EF00-7AF8-4B2D-8E21-E769C1BC6CC1}.Debug|ARM64.ActiveCfg = Debug|Any CPU
		{2491EF00-7AF8-4B2D-8E21-E769C1BC6CC1}.Debug|ARM64.Build.0 = Debug|Any CPU
		{2491EF00-7AF8-4B2D-8E21-E769C1BC6CC1}.Debug|ARM64.Deploy.0 = Debug|Any CPU
		{2491EF00-7AF8-4B2D-8E21-E769C1BC6CC1}.Debug|x64.ActiveCfg = Debug|Any CPU
		{2491EF00-7AF8-4B2D-8E21-E769C1BC6CC1}.Debug|x64.Build.0 = Debug|Any CPU
		{2491EF00-7AF8-4B2D-8E21-E769C1BC6CC1}.Debug|x64.Deploy.0 = Debug|Any CPU
		{2491EF00-7AF8-4B2D-8E21-E769C1BC6CC1}.Debug|x86.ActiveCfg = Debug|Any CPU
		{2491EF00-7AF8-4B2D-8E21-E769C1BC6CC1}.Debug|x86.Build.0 = Debug|Any CPU
		{2491EF00-7AF8-4B2D-8E21-E769C1BC6CC1}.Debug|x86.Deploy.0 = Debug|Any CPU
		{2491EF00-7AF8-4B2D-8E21-E769C1BC6CC1}.Release|Any CPU.ActiveCfg = Release|Any CPU
		{2491EF00-7AF8-4B2D-8E21-E769C1BC6CC1}.Release|Any CPU.Build.0 = Release|Any CPU
		{2491EF00-7AF8-4B2D-8E21-E769C1BC6CC1}.Release|Any CPU.Deploy.0 = Release|Any CPU
		{2491EF00-7AF8-4B2D-8E21-E769C1BC6CC1}.Release|ARM.ActiveCfg = Release|Any CPU
		{2491EF00-7AF8-4B2D-8E21-E769C1BC6CC1}.Release|ARM.Build.0 = Release|Any CPU
		{2491EF00-7AF8-4B2D-8E21-E769C1BC6CC1}.Release|ARM.Deploy.0 = Release|Any CPU
		{2491EF00-7AF8-4B2D-8E21-E769C1BC6CC1}.Release|ARM64.ActiveCfg = Release|Any CPU
		{2491EF00-7AF8-4B2D-8E21-E769C1BC6CC1}.Release|ARM64.Build.0 = Release|Any CPU
		{2491EF00-7AF8-4B2D-8E21-E769C1BC6CC1}.Release|ARM64.Deploy.0 = Release|Any CPU
		{2491EF00-7AF8-4B2D-8E21-E769C1BC6CC1}.Release|x64.ActiveCfg = Release|Any CPU
		{2491EF00-7AF8-4B2D-8E21-E769C1BC6CC1}.Release|x64.Build.0 = Release|Any CPU
		{2491EF00-7AF8-4B2D-8E21-E769C1BC6CC1}.Release|x64.Deploy.0 = Release|Any CPU
		{2491EF00-7AF8-4B2D-8E21-E769C1BC6CC1}.Release|x86.ActiveCfg = Release|Any CPU
		{2491EF00-7AF8-4B2D-8E21-E769C1BC6CC1}.Release|x86.Build.0 = Release|Any CPU
		{2491EF00-7AF8-4B2D-8E21-E769C1BC6CC1}.Release|x86.Deploy.0 = Release|Any CPU
		{2491EF00-7AF8-4B2D-8E21-E769C1BC6CC1}.Debug|iPhoneSimulator.ActiveCfg = Debug|Any CPU
		{2491EF00-7AF8-4B2D-8E21-E769C1BC6CC1}.Debug|iPhoneSimulator.Build.0 = Debug|Any CPU
		{2491EF00-7AF8-4B2D-8E21-E769C1BC6CC1}.Release|iPhoneSimulator.ActiveCfg = Release|Any CPU
		{2491EF00-7AF8-4B2D-8E21-E769C1BC6CC1}.Release|iPhoneSimulator.Build.0 = Release|Any CPU
		{2491EF00-7AF8-4B2D-8E21-E769C1BC6CC1}.Debug|iPhone.ActiveCfg = Debug|Any CPU
		{2491EF00-7AF8-4B2D-8E21-E769C1BC6CC1}.Debug|iPhone.Build.0 = Debug|Any CPU
		{2491EF00-7AF8-4B2D-8E21-E769C1BC6CC1}.Release|iPhone.ActiveCfg = Release|Any CPU
		{2491EF00-7AF8-4B2D-8E21-E769C1BC6CC1}.Release|iPhone.Build.0 = Release|Any CPU
		{AE7BAF7E-A08D-4815-BDE5-92797A394752}.Debug|Any CPU.ActiveCfg = Debug|Any CPU
		{AE7BAF7E-A08D-4815-BDE5-92797A394752}.Debug|Any CPU.Build.0 = Debug|Any CPU
		{AE7BAF7E-A08D-4815-BDE5-92797A394752}.Debug|ARM.ActiveCfg = Debug|Any CPU
		{AE7BAF7E-A08D-4815-BDE5-92797A394752}.Debug|ARM.Build.0 = Debug|Any CPU
		{AE7BAF7E-A08D-4815-BDE5-92797A394752}.Debug|ARM64.ActiveCfg = Debug|Any CPU
		{AE7BAF7E-A08D-4815-BDE5-92797A394752}.Debug|ARM64.Build.0 = Debug|Any CPU
		{AE7BAF7E-A08D-4815-BDE5-92797A394752}.Debug|x64.ActiveCfg = Debug|Any CPU
		{AE7BAF7E-A08D-4815-BDE5-92797A394752}.Debug|x64.Build.0 = Debug|Any CPU
		{AE7BAF7E-A08D-4815-BDE5-92797A394752}.Debug|x86.ActiveCfg = Debug|Any CPU
		{AE7BAF7E-A08D-4815-BDE5-92797A394752}.Debug|x86.Build.0 = Debug|Any CPU
		{AE7BAF7E-A08D-4815-BDE5-92797A394752}.Release|Any CPU.ActiveCfg = Release|Any CPU
		{AE7BAF7E-A08D-4815-BDE5-92797A394752}.Release|Any CPU.Build.0 = Release|Any CPU
		{AE7BAF7E-A08D-4815-BDE5-92797A394752}.Release|ARM.ActiveCfg = Release|Any CPU
		{AE7BAF7E-A08D-4815-BDE5-92797A394752}.Release|ARM.Build.0 = Release|Any CPU
		{AE7BAF7E-A08D-4815-BDE5-92797A394752}.Release|ARM64.ActiveCfg = Release|Any CPU
		{AE7BAF7E-A08D-4815-BDE5-92797A394752}.Release|ARM64.Build.0 = Release|Any CPU
		{AE7BAF7E-A08D-4815-BDE5-92797A394752}.Release|x64.ActiveCfg = Release|Any CPU
		{AE7BAF7E-A08D-4815-BDE5-92797A394752}.Release|x64.Build.0 = Release|Any CPU
		{AE7BAF7E-A08D-4815-BDE5-92797A394752}.Release|x86.ActiveCfg = Release|Any CPU
		{AE7BAF7E-A08D-4815-BDE5-92797A394752}.Release|x86.Build.0 = Release|Any CPU
		{AE7BAF7E-A08D-4815-BDE5-92797A394752}.Debug|iPhoneSimulator.ActiveCfg = Debug|Any CPU
		{AE7BAF7E-A08D-4815-BDE5-92797A394752}.Debug|iPhoneSimulator.Build.0 = Debug|Any CPU
		{AE7BAF7E-A08D-4815-BDE5-92797A394752}.Release|iPhoneSimulator.ActiveCfg = Release|Any CPU
		{AE7BAF7E-A08D-4815-BDE5-92797A394752}.Release|iPhoneSimulator.Build.0 = Release|Any CPU
		{AE7BAF7E-A08D-4815-BDE5-92797A394752}.Debug|iPhone.ActiveCfg = Debug|Any CPU
		{AE7BAF7E-A08D-4815-BDE5-92797A394752}.Debug|iPhone.Build.0 = Debug|Any CPU
		{AE7BAF7E-A08D-4815-BDE5-92797A394752}.Release|iPhone.ActiveCfg = Release|Any CPU
		{AE7BAF7E-A08D-4815-BDE5-92797A394752}.Release|iPhone.Build.0 = Release|Any CPU
		{FE7DD894-5533-4237-90EF-E636894096DB}.Debug|Any CPU.ActiveCfg = Debug|Any CPU
		{FE7DD894-5533-4237-90EF-E636894096DB}.Debug|Any CPU.Build.0 = Debug|Any CPU
		{FE7DD894-5533-4237-90EF-E636894096DB}.Debug|ARM.ActiveCfg = Debug|Any CPU
		{FE7DD894-5533-4237-90EF-E636894096DB}.Debug|ARM.Build.0 = Debug|Any CPU
		{FE7DD894-5533-4237-90EF-E636894096DB}.Debug|ARM64.ActiveCfg = Debug|Any CPU
		{FE7DD894-5533-4237-90EF-E636894096DB}.Debug|ARM64.Build.0 = Debug|Any CPU
		{FE7DD894-5533-4237-90EF-E636894096DB}.Debug|x64.ActiveCfg = Debug|Any CPU
		{FE7DD894-5533-4237-90EF-E636894096DB}.Debug|x64.Build.0 = Debug|Any CPU
		{FE7DD894-5533-4237-90EF-E636894096DB}.Debug|x86.ActiveCfg = Debug|Any CPU
		{FE7DD894-5533-4237-90EF-E636894096DB}.Debug|x86.Build.0 = Debug|Any CPU
		{FE7DD894-5533-4237-90EF-E636894096DB}.Release|Any CPU.ActiveCfg = Release|Any CPU
		{FE7DD894-5533-4237-90EF-E636894096DB}.Release|Any CPU.Build.0 = Release|Any CPU
		{FE7DD894-5533-4237-90EF-E636894096DB}.Release|ARM.ActiveCfg = Release|Any CPU
		{FE7DD894-5533-4237-90EF-E636894096DB}.Release|ARM.Build.0 = Release|Any CPU
		{FE7DD894-5533-4237-90EF-E636894096DB}.Release|ARM64.ActiveCfg = Release|Any CPU
		{FE7DD894-5533-4237-90EF-E636894096DB}.Release|ARM64.Build.0 = Release|Any CPU
		{FE7DD894-5533-4237-90EF-E636894096DB}.Release|x64.ActiveCfg = Release|Any CPU
		{FE7DD894-5533-4237-90EF-E636894096DB}.Release|x64.Build.0 = Release|Any CPU
		{FE7DD894-5533-4237-90EF-E636894096DB}.Release|x86.ActiveCfg = Release|Any CPU
		{FE7DD894-5533-4237-90EF-E636894096DB}.Release|x86.Build.0 = Release|Any CPU
		{FE7DD894-5533-4237-90EF-E636894096DB}.Debug|iPhoneSimulator.ActiveCfg = Debug|Any CPU
		{FE7DD894-5533-4237-90EF-E636894096DB}.Debug|iPhoneSimulator.Build.0 = Debug|Any CPU
		{FE7DD894-5533-4237-90EF-E636894096DB}.Release|iPhoneSimulator.ActiveCfg = Release|Any CPU
		{FE7DD894-5533-4237-90EF-E636894096DB}.Release|iPhoneSimulator.Build.0 = Release|Any CPU
		{FE7DD894-5533-4237-90EF-E636894096DB}.Debug|iPhone.ActiveCfg = Debug|Any CPU
		{FE7DD894-5533-4237-90EF-E636894096DB}.Debug|iPhone.Build.0 = Debug|Any CPU
		{FE7DD894-5533-4237-90EF-E636894096DB}.Release|iPhone.ActiveCfg = Release|Any CPU
		{FE7DD894-5533-4237-90EF-E636894096DB}.Release|iPhone.Build.0 = Release|Any CPU
		{0E5069E3-E535-499F-BC77-1B27CCFF788C}.Debug|Any CPU.ActiveCfg = Debug|iPhoneSimulator
		{0E5069E3-E535-499F-BC77-1B27CCFF788C}.Debug|Any CPU.Build.0 = Debug|iPhoneSimulator
		{0E5069E3-E535-499F-BC77-1B27CCFF788C}.Debug|ARM.ActiveCfg = Debug|iPhoneSimulator
		{0E5069E3-E535-499F-BC77-1B27CCFF788C}.Debug|ARM.Build.0 = Debug|iPhoneSimulator
		{0E5069E3-E535-499F-BC77-1B27CCFF788C}.Debug|ARM64.ActiveCfg = Debug|iPhoneSimulator
		{0E5069E3-E535-499F-BC77-1B27CCFF788C}.Debug|ARM64.Build.0 = Debug|iPhoneSimulator
		{0E5069E3-E535-499F-BC77-1B27CCFF788C}.Debug|x64.ActiveCfg = Debug|iPhoneSimulator
		{0E5069E3-E535-499F-BC77-1B27CCFF788C}.Debug|x64.Build.0 = Debug|iPhoneSimulator
		{0E5069E3-E535-499F-BC77-1B27CCFF788C}.Debug|x86.ActiveCfg = Debug|iPhoneSimulator
		{0E5069E3-E535-499F-BC77-1B27CCFF788C}.Debug|x86.Build.0 = Debug|iPhoneSimulator
		{0E5069E3-E535-499F-BC77-1B27CCFF788C}.Release|Any CPU.ActiveCfg = Release|iPhoneSimulator
		{0E5069E3-E535-499F-BC77-1B27CCFF788C}.Release|Any CPU.Build.0 = Release|iPhoneSimulator
		{0E5069E3-E535-499F-BC77-1B27CCFF788C}.Release|ARM.ActiveCfg = Release|iPhoneSimulator
		{0E5069E3-E535-499F-BC77-1B27CCFF788C}.Release|ARM.Build.0 = Release|iPhoneSimulator
		{0E5069E3-E535-499F-BC77-1B27CCFF788C}.Release|ARM64.ActiveCfg = Release|iPhoneSimulator
		{0E5069E3-E535-499F-BC77-1B27CCFF788C}.Release|ARM64.Build.0 = Release|iPhoneSimulator
		{0E5069E3-E535-499F-BC77-1B27CCFF788C}.Release|x64.ActiveCfg = Release|iPhoneSimulator
		{0E5069E3-E535-499F-BC77-1B27CCFF788C}.Release|x64.Build.0 = Release|iPhoneSimulator
		{0E5069E3-E535-499F-BC77-1B27CCFF788C}.Release|x86.ActiveCfg = Release|iPhoneSimulator
		{0E5069E3-E535-499F-BC77-1B27CCFF788C}.Release|x86.Build.0 = Release|iPhoneSimulator
		{0E5069E3-E535-499F-BC77-1B27CCFF788C}.Debug|iPhoneSimulator.ActiveCfg = Debug|iPhoneSimulator
		{0E5069E3-E535-499F-BC77-1B27CCFF788C}.Debug|iPhoneSimulator.Build.0 = Debug|iPhoneSimulator
		{0E5069E3-E535-499F-BC77-1B27CCFF788C}.Release|iPhoneSimulator.ActiveCfg = Release|iPhoneSimulator
		{0E5069E3-E535-499F-BC77-1B27CCFF788C}.Release|iPhoneSimulator.Build.0 = Release|iPhoneSimulator
		{0E5069E3-E535-499F-BC77-1B27CCFF788C}.Debug|iPhone.ActiveCfg = Debug|iPhone
		{0E5069E3-E535-499F-BC77-1B27CCFF788C}.Debug|iPhone.Build.0 = Debug|iPhone
		{0E5069E3-E535-499F-BC77-1B27CCFF788C}.Release|iPhone.ActiveCfg = Release|iPhone
		{0E5069E3-E535-499F-BC77-1B27CCFF788C}.Release|iPhone.Build.0 = Release|iPhone
		{2475C6E5-B634-4B87-B9BA-FDDE1A574181}.Debug|Any CPU.ActiveCfg = Debug|Any CPU
		{2475C6E5-B634-4B87-B9BA-FDDE1A574181}.Debug|Any CPU.Build.0 = Debug|Any CPU
		{2475C6E5-B634-4B87-B9BA-FDDE1A574181}.Debug|ARM.ActiveCfg = Debug|Any CPU
		{2475C6E5-B634-4B87-B9BA-FDDE1A574181}.Debug|ARM.Build.0 = Debug|Any CPU
		{2475C6E5-B634-4B87-B9BA-FDDE1A574181}.Debug|ARM64.ActiveCfg = Debug|Any CPU
		{2475C6E5-B634-4B87-B9BA-FDDE1A574181}.Debug|ARM64.Build.0 = Debug|Any CPU
		{2475C6E5-B634-4B87-B9BA-FDDE1A574181}.Debug|x64.ActiveCfg = Debug|Any CPU
		{2475C6E5-B634-4B87-B9BA-FDDE1A574181}.Debug|x64.Build.0 = Debug|Any CPU
		{2475C6E5-B634-4B87-B9BA-FDDE1A574181}.Debug|x86.ActiveCfg = Debug|Any CPU
		{2475C6E5-B634-4B87-B9BA-FDDE1A574181}.Debug|x86.Build.0 = Debug|Any CPU
		{2475C6E5-B634-4B87-B9BA-FDDE1A574181}.Release|Any CPU.ActiveCfg = Release|Any CPU
		{2475C6E5-B634-4B87-B9BA-FDDE1A574181}.Release|Any CPU.Build.0 = Release|Any CPU
		{2475C6E5-B634-4B87-B9BA-FDDE1A574181}.Release|ARM.ActiveCfg = Release|Any CPU
		{2475C6E5-B634-4B87-B9BA-FDDE1A574181}.Release|ARM.Build.0 = Release|Any CPU
		{2475C6E5-B634-4B87-B9BA-FDDE1A574181}.Release|ARM64.ActiveCfg = Release|Any CPU
		{2475C6E5-B634-4B87-B9BA-FDDE1A574181}.Release|ARM64.Build.0 = Release|Any CPU
		{2475C6E5-B634-4B87-B9BA-FDDE1A574181}.Release|x64.ActiveCfg = Release|Any CPU
		{2475C6E5-B634-4B87-B9BA-FDDE1A574181}.Release|x64.Build.0 = Release|Any CPU
		{2475C6E5-B634-4B87-B9BA-FDDE1A574181}.Release|x86.ActiveCfg = Release|Any CPU
		{2475C6E5-B634-4B87-B9BA-FDDE1A574181}.Release|x86.Build.0 = Release|Any CPU
		{2475C6E5-B634-4B87-B9BA-FDDE1A574181}.Debug|iPhoneSimulator.ActiveCfg = Debug|Any CPU
		{2475C6E5-B634-4B87-B9BA-FDDE1A574181}.Debug|iPhoneSimulator.Build.0 = Debug|Any CPU
		{2475C6E5-B634-4B87-B9BA-FDDE1A574181}.Release|iPhoneSimulator.ActiveCfg = Release|Any CPU
		{2475C6E5-B634-4B87-B9BA-FDDE1A574181}.Release|iPhoneSimulator.Build.0 = Release|Any CPU
		{2475C6E5-B634-4B87-B9BA-FDDE1A574181}.Debug|iPhone.ActiveCfg = Debug|Any CPU
		{2475C6E5-B634-4B87-B9BA-FDDE1A574181}.Debug|iPhone.Build.0 = Debug|Any CPU
		{2475C6E5-B634-4B87-B9BA-FDDE1A574181}.Release|iPhone.ActiveCfg = Release|Any CPU
		{2475C6E5-B634-4B87-B9BA-FDDE1A574181}.Release|iPhone.Build.0 = Release|Any CPU
	EndGlobalSection
	GlobalSection(SolutionProperties) = preSolution
		HideSolutionNode = FALSE
	EndGlobalSection
	GlobalSection(NestedProjects) = preSolution
		{0A39C162-6B7B-4A26-A182-5E29368D5ABB} = {F6866A95-3B98-4262-BA0A-44B7947060DA}
		{72CED83C-8780-4002-BB57-B683B72A999C} = {F6866A95-3B98-4262-BA0A-44B7947060DA}
		{2491EF00-7AF8-4B2D-8E21-E769C1BC6CC1} = {F6866A95-3B98-4262-BA0A-44B7947060DA}
		{AE7BAF7E-A08D-4815-BDE5-92797A394752} = {F6866A95-3B98-4262-BA0A-44B7947060DA}
		{FE7DD894-5533-4237-90EF-E636894096DB} = {F6866A95-3B98-4262-BA0A-44B7947060DA}
		{0E5069E3-E535-499F-BC77-1B27CCFF788C} = {F6866A95-3B98-4262-BA0A-44B7947060DA}
		{2475C6E5-B634-4B87-B9BA-FDDE1A574181} = {F6866A95-3B98-4262-BA0A-44B7947060DA}
	EndGlobalSection
	GlobalSection(ExtensibilityGlobals) = postSolution
		SolutionGuid = {767DDAE8-DEDC-4147-BEC0-5BBEF96DF7D5}
	EndGlobalSection
EndGlobal
